
Microsoft Visual Studio Solution File, Format Version 12.00
# Visual Studio Version 17
VisualStudioVersion = 17.6.33723.286
MinimumVisualStudioVersion = 10.0.40219.1
Project("{FAE04EC0-301F-11D3-BF4B-00C04F79EFBC}") = "AppCrudAdo_0209", "AppCrudAdo_0209.csproj", "{94DC2389-692D-4E54-AD79-CD1466525A81}"
EndProject
Global
	GlobalSection(SolutionConfigurationPlatforms) = preSolution
		Debug|Any CPU = Debug|Any CPU
		Release|Any CPU = Release|Any CPU
	EndGlobalSection
	GlobalSection(ProjectConfigurationPlatforms) = postSolution
		{94DC2389-692D-4E54-AD79-CD1466525A81}.Debug|Any CPU.ActiveCfg = Debug|Any CPU
		{94DC2389-692D-4E54-AD79-CD1466525A81}.Debug|Any CPU.Build.0 = Debug|Any CPU
		{94DC2389-692D-4E54-AD79-CD1466525A81}.Release|Any CPU.ActiveCfg = Release|Any CPU
		{94DC2389-692D-4E54-AD79-CD1466525A81}.Release|Any CPU.Build.0 = Release|Any CPU
	EndGlobalSection
	GlobalSection(SolutionProperties) = preSolution
		HideSolutionNode = FALSE
	EndGlobalSection
	GlobalSection(ExtensibilityGlobals) = postSolution
		SolutionGuid = {3044A16D-BD64-419B-8DBE-743C7AEBF6D6}
	EndGlobalSection
EndGlobal
